
Microsoft Visual Studio Solution File, Format Version 12.00
# Visual Studio Version 17
VisualStudioVersion = 17.14.36408.4
MinimumVisualStudioVersion = 10.0.40219.1
Project("{8BC9CEB8-8B4A-11D0-8D11-00A0C91BC942}") = "Chapter_6_1", "Chapter_6_1\Chapter_6_1.vcxproj", "{395B040C-515B-4C25-9618-56D3CD28A485}"
EndProject
Project("{8BC9CEB8-8B4A-11D0-8D11-00A0C91BC942}") = "Chapter_6_2", "Chapter_6_2\Chapter_6_2.vcxproj", "{E508DB59-9D79-43A4-B7F5-BDC6D80E9433}"
EndProject
Project("{8BC9CEB8-8B4A-11D0-8D11-00A0C91BC942}") = "Chapter_6_3", "Chapter_6_3\Chapter_6_3.vcxproj", "{068886F6-448F-424A-8056-497B67247B1A}"
EndProject
Project("{8BC9CEB8-8B4A-11D0-8D11-00A0C91BC942}") = "Chapter_6_4", "Chapter_6_4\Chapter_6_4.vcxproj", "{73C95B5C-2480-40D2-89B3-C641036A827C}"
EndProject
Project("{8BC9CEB8-8B4A-11D0-8D11-00A0C91BC942}") = "Chapter_6_5", "Chapter_6_5\Chapter_6_5.vcxproj", "{A9B864E1-EDA1-4B1E-B8B8-0321E2D52006}"
EndProject
Project("{8BC9CEB8-8B4A-11D0-8D11-00A0C91BC942}") = "Chapter_6_6", "Chapter_6_6\Chapter_6_6.vcxproj", "{E0CC2C27-5DFE-461D-A37F-2C7CEC3F8495}"
EndProject
Project("{8BC9CEB8-8B4A-11D0-8D11-00A0C91BC942}") = "Chapter_6_7", "Chapter_6_7\Chapter_6_7.vcxproj", "{5AABF552-B21C-4FCF-AF3E-0F7734141A00}"
EndProject
Project("{8BC9CEB8-8B4A-11D0-8D11-00A0C91BC942}") = "Chapter_6_7_2", "Chapter_6_7_2\Chapter_6_7_2.vcxproj", "{C8515070-47A7-48DC-BC5F-88F0959F9880}"
EndProject
Project("{8BC9CEB8-8B4A-11D0-8D11-00A0C91BC942}") = "Chapter_6_8", "Chapter_6_8\Chapter_6_8.vcxproj", "{9E11EDFF-C232-4FE6-822F-6827260C74E4}"
EndProject
Project("{8BC9CEB8-8B4A-11D0-8D11-00A0C91BC942}") = "Chapter_6_9", "Chapter_6_9\Chapter_6_9.vcxproj", "{B8459B15-D6B7-448C-8767-DFF48464F7B0}"
EndProject
Project("{8BC9CEB8-8B4A-11D0-8D11-00A0C91BC942}") = "Chapter_6_10", "Chapter_6_10\Chapter_6_10.vcxproj", "{AD4E7308-4D28-471E-A62A-D268B8F877BA}"
EndProject
Project("{8BC9CEB8-8B4A-11D0-8D11-00A0C91BC942}") = "Chapter_6_11", "Chapter_6_11\Chapter_6_11.vcxproj", "{5CE17FAD-4F14-4FE3-9B8E-F007E3E900D6}"
EndProject
Project("{8BC9CEB8-8B4A-11D0-8D11-00A0C91BC942}") = "Chapter_6_12", "Chapter_6_12\Chapter_6_12.vcxproj", "{5991B1F0-F56D-40BE-9391-4B4F66D596C9}"
EndProject
Project("{8BC9CEB8-8B4A-11D0-8D11-00A0C91BC942}") = "Chapter_6_13", "Chapter_6_13\Chapter_6_13.vcxproj", "{75D2A235-6884-45D3-A3C1-3A7F046EDB33}"
EndProject
Project("{8BC9CEB8-8B4A-11D0-8D11-00A0C91BC942}") = "Chapter_6_14", "Chapter_6_14\Chapter_6_14.vcxproj", "{0D3959DF-2C34-4516-9DDB-525646E96817}"
EndProject
Global
	GlobalSection(SolutionConfigurationPlatforms) = preSolution
		Debug|x64 = Debug|x64
		Debug|x86 = Debug|x86
		Release|x64 = Release|x64
		Release|x86 = Release|x86
	EndGlobalSection
	GlobalSection(ProjectConfigurationPlatforms) = postSolution
		{395B040C-515B-4C25-9618-56D3CD28A485}.Debug|x64.ActiveCfg = Debug|x64
		{395B040C-515B-4C25-9618-56D3CD28A485}.Debug|x64.Build.0 = Debug|x64
		{395B040C-515B-4C25-9618-56D3CD28A485}.Debug|x86.ActiveCfg = Debug|Win32
		{395B040C-515B-4C25-9618-56D3CD28A485}.Debug|x86.Build.0 = Debug|Win32
		{395B040C-515B-4C25-9618-56D3CD28A485}.Release|x64.ActiveCfg = Release|x64
		{395B040C-515B-4C25-9618-56D3CD28A485}.Release|x64.Build.0 = Release|x64
		{395B040C-515B-4C25-9618-56D3CD28A485}.Release|x86.ActiveCfg = Release|Win32
		{395B040C-515B-4C25-9618-56D3CD28A485}.Release|x86.Build.0 = Release|Win32
		{E508DB59-9D79-43A4-B7F5-BDC6D80E9433}.Debug|x64.ActiveCfg = Debug|x64
		{E508DB59-9D79-43A4-B7F5-BDC6D80E9433}.Debug|x64.Build.0 = Debug|x64
		{E508DB59-9D79-43A4-B7F5-BDC6D80E9433}.Debug|x86.ActiveCfg = Debug|Win32
		{E508DB59-9D79-43A4-B7F5-BDC6D80E9433}.Debug|x86.Build.0 = Debug|Win32
		{E508DB59-9D79-43A4-B7F5-BDC6D80E9433}.Release|x64.ActiveCfg = Release|x64
		{E508DB59-9D79-43A4-B7F5-BDC6D80E9433}.Release|x64.Build.0 = Release|x64
		{E508DB59-9D79-43A4-B7F5-BDC6D80E9433}.Release|x86.ActiveCfg = Release|Win32
		{E508DB59-9D79-43A4-B7F5-BDC6D80E9433}.Release|x86.Build.0 = Release|Win32
		{068886F6-448F-424A-8056-497B67247B1A}.Debug|x64.ActiveCfg = Debug|x64
		{068886F6-448F-424A-8056-497B67247B1A}.Debug|x64.Build.0 = Debug|x64
		{068886F6-448F-424A-8056-497B67247B1A}.Debug|x86.ActiveCfg = Debug|Win32
		{068886F6-448F-424A-8056-497B67247B1A}.Debug|x86.Build.0 = Debug|Win32
		{068886F6-448F-424A-8056-497B67247B1A}.Release|x64.ActiveCfg = Release|x64
		{068886F6-448F-424A-8056-497B67247B1A}.Release|x64.Build.0 = Release|x64
		{068886F6-448F-424A-8056-497B67247B1A}.Release|x86.ActiveCfg = Release|Win32
		{068886F6-448F-424A-8056-497B67247B1A}.Release|x86.Build.0 = Release|Win32
		{73C95B5C-2480-40D2-89B3-C641036A827C}.Debug|x64.ActiveCfg = Debug|x64
		{73C95B5C-2480-40D2-89B3-C641036A827C}.Debug|x64.Build.0 = Debug|x64
		{73C95B5C-2480-40D2-89B3-C641036A827C}.Debug|x86.ActiveCfg = Debug|Win32
		{73C95B5C-2480-40D2-89B3-C641036A827C}.Debug|x86.Build.0 = Debug|Win32
		{73C95B5C-2480-40D2-89B3-C641036A827C}.Release|x64.ActiveCfg = Release|x64
		{73C95B5C-2480-40D2-89B3-C641036A827C}.Release|x64.Build.0 = Release|x64
		{73C95B5C-2480-40D2-89B3-C641036A827C}.Release|x86.ActiveCfg = Release|Win32
		{73C95B5C-2480-40D2-89B3-C641036A827C}.Release|x86.Build.0 = Release|Win32
		{A9B864E1-EDA1-4B1E-B8B8-0321E2D52006}.Debug|x64.ActiveCfg = Debug|x64
		{A9B864E1-EDA1-4B1E-B8B8-0321E2D52006}.Debug|x64.Build.0 = Debug|x64
		{A9B864E1-EDA1-4B1E-B8B8-0321E2D52006}.Debug|x86.ActiveCfg = Debug|Win32
		{A9B864E1-EDA1-4B1E-B8B8-0321E2D52006}.Debug|x86.Build.0 = Debug|Win32
		{A9B864E1-EDA1-4B1E-B8B8-0321E2D52006}.Release|x64.ActiveCfg = Release|x64
		{A9B864E1-EDA1-4B1E-B8B8-0321E2D52006}.Release|x64.Build.0 = Release|x64
		{A9B864E1-EDA1-4B1E-B8B8-0321E2D52006}.Release|x86.ActiveCfg = Release|Win32
		{A9B864E1-EDA1-4B1E-B8B8-0321E2D52006}.Release|x86.Build.0 = Release|Win32
		{E0CC2C27-5DFE-461D-A37F-2C7CEC3F8495}.Debug|x64.ActiveCfg = Debug|x64
		{E0CC2C27-5DFE-461D-A37F-2C7CEC3F8495}.Debug|x64.Build.0 = Debug|x64
		{E0CC2C27-5DFE-461D-A37F-2C7CEC3F8495}.Debug|x86.ActiveCfg = Debug|Win32
		{E0CC2C27-5DFE-461D-A37F-2C7CEC3F8495}.Debug|x86.Build.0 = Debug|Win32
		{E0CC2C27-5DFE-461D-A37F-2C7CEC3F8495}.Release|x64.ActiveCfg = Release|x64
		{E0CC2C27-5DFE-461D-A37F-2C7CEC3F8495}.Release|x64.Build.0 = Release|x64
		{E0CC2C27-5DFE-461D-A37F-2C7CEC3F8495}.Release|x86.ActiveCfg = Release|Win32
		{E0CC2C27-5DFE-461D-A37F-2C7CEC3F8495}.Release|x86.Build.0 = Release|Win32
		{5AABF552-B21C-4FCF-AF3E-0F7734141A00}.Debug|x64.ActiveCfg = Debug|x64
		{5AABF552-B21C-4FCF-AF3E-0F7734141A00}.Debug|x64.Build.0 = Debug|x64
		{5AABF552-B21C-4FCF-AF3E-0F7734141A00}.Debug|x86.ActiveCfg = Debug|Win32
		{5AABF552-B21C-4FCF-AF3E-0F7734141A00}.Debug|x86.Build.0 = Debug|Win32
		{5AABF552-B21C-4FCF-AF3E-0F7734141A00}.Release|x64.ActiveCfg = Release|x64
		{5AABF552-B21C-4FCF-AF3E-0F7734141A00}.Release|x64.Build.0 = Release|x64
		{5AABF552-B21C-4FCF-AF3E-0F7734141A00}.Release|x86.ActiveCfg = Release|Win32
		{5AABF552-B21C-4FCF-AF3E-0F7734141A00}.Release|x86.Build.0 = Release|Win32
		{C8515070-47A7-48DC-BC5F-88F0959F9880}.Debug|x64.ActiveCfg = Debug|x64
		{C8515070-47A7-48DC-BC5F-88F0959F9880}.Debug|x64.Build.0 = Debug|x64
		{C8515070-47A7-48DC-BC5F-88F0959F9880}.Debug|x86.ActiveCfg = Debug|Win32
		{C8515070-47A7-48DC-BC5F-88F0959F9880}.Debug|x86.Build.0 = Debug|Win32
		{C8515070-47A7-48DC-BC5F-88F0959F9880}.Release|x64.ActiveCfg = Release|x64
		{C8515070-47A7-48DC-BC5F-88F0959F9880}.Release|x64.Build.0 = Release|x64
		{C8515070-47A7-48DC-BC5F-88F0959F9880}.Release|x86.ActiveCfg = Release|Win32
		{C8515070-47A7-48DC-BC5F-88F0959F9880}.Release|x86.Build.0 = Release|Win32
		{9E11EDFF-C232-4FE6-822F-6827260C74E4}.Debug|x64.ActiveCfg = Debug|x64
		{9E11EDFF-C232-4FE6-822F-6827260C74E4}.Debug|x64.Build.0 = Debug|x64
		{9E11EDFF-C232-4FE6-822F-6827260C74E4}.Debug|x86.ActiveCfg = Debug|Win32
		{9E11EDFF-C232-4FE6-822F-6827260C74E4}.Debug|x86.Build.0 = Debug|Win32
		{9E11EDFF-C232-4FE6-822F-6827260C74E4}.Release|x64.ActiveCfg = Release|x64
		{9E11EDFF-C232-4FE6-822F-6827260C74E4}.Release|x64.Build.0 = Release|x64
		{9E11EDFF-C232-4FE6-822F-6827260C74E4}.Release|x86.ActiveCfg = Release|Win32
		{9E11EDFF-C232-4FE6-822F-6827260C74E4}.Release|x86.Build.0 = Release|Win32
		{B8459B15-D6B7-448C-8767-DFF48464F7B0}.Debug|x64.ActiveCfg = Debug|x64
		{B8459B15-D6B7-448C-8767-DFF48464F7B0}.Debug|x64.Build.0 = Debug|x64
		{B8459B15-D6B7-448C-8767-DFF48464F7B0}.Debug|x86.ActiveCfg = Debug|Win32
		{B8459B15-D6B7-448C-8767-DFF48464F7B0}.Debug|x86.Build.0 = Debug|Win32
		{B8459B15-D6B7-448C-8767-DFF48464F7B0}.Release|x64.ActiveCfg = Release|x64
		{B8459B15-D6B7-448C-8767-DFF48464F7B0}.Release|x64.Build.0 = Release|x64
		{B8459B15-D6B7-448C-8767-DFF48464F7B0}.Release|x86.ActiveCfg = Release|Win32
		{B8459B15-D6B7-448C-8767-DFF48464F7B0}.Release|x86.Build.0 = Release|Win32
		{AD4E7308-4D28-471E-A62A-D268B8F877BA}.Debug|x64.ActiveCfg = Debug|x64
		{AD4E7308-4D28-471E-A62A-D268B8F877BA}.Debug|x64.Build.0 = Debug|x64
		{AD4E7308-4D28-471E-A62A-D268B8F877BA}.Debug|x86.ActiveCfg = Debug|Win32
		{AD4E7308-4D28-471E-A62A-D268B8F877BA}.Debug|x86.Build.0 = Debug|Win32
		{AD4E7308-4D28-471E-A62A-D268B8F877BA}.Release|x64.ActiveCfg = Release|x64
		{AD4E7308-4D28-471E-A62A-D268B8F877BA}.Release|x64.Build.0 = Release|x64
		{AD4E7308-4D28-471E-A62A-D268B8F877BA}.Release|x86.ActiveCfg = Release|Win32
		{AD4E7308-4D28-471E-A62A-D268B8F877BA}.Release|x86.Build.0 = Release|Win32
		{5CE17FAD-4F14-4FE3-9B8E-F007E3E900D6}.Debug|x64.ActiveCfg = Debug|x64
		{5CE17FAD-4F14-4FE3-9B8E-F007E3E900D6}.Debug|x64.Build.0 = Debug|x64
		{5CE17FAD-4F14-4FE3-9B8E-F007E3E900D6}.Debug|x86.ActiveCfg = Debug|Win32
		{5CE17FAD-4F14-4FE3-9B8E-F007E3E900D6}.Debug|x86.Build.0 = Debug|Win32
		{5CE17FAD-4F14-4FE3-9B8E-F007E3E900D6}.Release|x64.ActiveCfg = Release|x64
		{5CE17FAD-4F14-4FE3-9B8E-F007E3E900D6}.Release|x64.Build.0 = Release|x64
		{5CE17FAD-4F14-4FE3-9B8E-F007E3E900D6}.Release|x86.ActiveCfg = Release|Win32
		{5CE17FAD-4F14-4FE3-9B8E-F007E3E900D6}.Release|x86.Build.0 = Release|Win32
		{5991B1F0-F56D-40BE-9391-4B4F66D596C9}.Debug|x64.ActiveCfg = Debug|x64
		{5991B1F0-F56D-40BE-9391-4B4F66D596C9}.Debug|x64.Build.0 = Debug|x64
		{5991B1F0-F56D-40BE-9391-4B4F66D596C9}.Debug|x86.ActiveCfg = Debug|Win32
		{5991B1F0-F56D-40BE-9391-4B4F66D596C9}.Debug|x86.Build.0 = Debug|Win32
		{5991B1F0-F56D-40BE-9391-4B4F66D596C9}.Release|x64.ActiveCfg = Release|x64
		{5991B1F0-F56D-40BE-9391-4B4F66D596C9}.Release|x64.Build.0 = Release|x64
		{5991B1F0-F56D-40BE-9391-4B4F66D596C9}.Release|x86.ActiveCfg = Release|Win32
		{5991B1F0-F56D-40BE-9391-4B4F66D596C9}.Release|x86.Build.0 = Release|Win32
		{75D2A235-6884-45D3-A3C1-3A7F046EDB33}.Debug|x64.ActiveCfg = Debug|x64
		{75D2A235-6884-45D3-A3C1-3A7F046EDB33}.Debug|x64.Build.0 = Debug|x64
		{75D2A235-6884-45D3-A3C1-3A7F046EDB33}.Debug|x86.ActiveCfg = Debug|Win32
		{75D2A235-6884-45D3-A3C1-3A7F046EDB33}.Debug|x86.Build.0 = Debug|Win32
		{75D2A235-6884-45D3-A3C1-3A7F046EDB33}.Release|x64.ActiveCfg = Release|x64
		{75D2A235-6884-45D3-A3C1-3A7F046EDB33}.Release|x64.Build.0 = Release|x64
		{75D2A235-6884-45D3-A3C1-3A7F046EDB33}.Release|x86.ActiveCfg = Release|Win32
		{75D2A235-6884-45D3-A3C1-3A7F046EDB33}.Release|x86.Build.0 = Release|Win32
		{0D3959DF-2C34-4516-9DDB-525646E96817}.Debug|x64.ActiveCfg = Debug|x64
		{0D3959DF-2C34-4516-9DDB-525646E96817}.Debug|x64.Build.0 = Debug|x64
		{0D3959DF-2C34-4516-9DDB-525646E96817}.Debug|x86.ActiveCfg = Debug|Win32
		{0D3959DF-2C34-4516-9DDB-525646E96817}.Debug|x86.Build.0 = Debug|Win32
		{0D3959DF-2C34-4516-9DDB-525646E96817}.Release|x64.ActiveCfg = Release|x64
		{0D3959DF-2C34-4516-9DDB-525646E96817}.Release|x64.Build.0 = Release|x64
		{0D3959DF-2C34-4516-9DDB-525646E96817}.Release|x86.ActiveCfg = Release|Win32
		{0D3959DF-2C34-4516-9DDB-525646E96817}.Release|x86.Build.0 = Release|Win32
	EndGlobalSection
	GlobalSection(SolutionProperties) = preSolution
		HideSolutionNode = FALSE
	EndGlobalSection
	GlobalSection(ExtensibilityGlobals) = postSolution
		SolutionGuid = {43356000-BB65-47F9-AF78-823EDDF136E0}
	EndGlobalSection
EndGlobal
