
Microsoft Visual Studio Solution File, Format Version 12.00
# Visual Studio Version 17
VisualStudioVersion = 17.14.36408.4
MinimumVisualStudioVersion = 10.0.40219.1
Project("{8BC9CEB8-8B4A-11D0-8D11-00A0C91BC942}") = "Chapter_4_1", "Chapter_4_1\Chapter_4_1.vcxproj", "{E445C51C-415B-40E7-B5C5-D805D71AE018}"
EndProject
Project("{8BC9CEB8-8B4A-11D0-8D11-00A0C91BC942}") = "Chapter_4_2", "Chapter_4_2\Chapter_4_2.vcxproj", "{42145734-55AE-4AAC-8EAC-D058EDD596BE}"
EndProject
Project("{8BC9CEB8-8B4A-11D0-8D11-00A0C91BC942}") = "Chapter_4_2_2", "Chpater_4_2_2\Chpater_4_2_2.vcxproj", "{1B048219-B09D-4582-97CA-11CDC48DFC64}"
EndProject
Project("{8BC9CEB8-8B4A-11D0-8D11-00A0C91BC942}") = "Chapter_4_3", "Chapter_4_3\Chapter_4_3.vcxproj", "{869A0C57-BF70-4AAA-B057-437E762EBF52}"
EndProject
Project("{8BC9CEB8-8B4A-11D0-8D11-00A0C91BC942}") = "Chapter_4_4", "Chapter_4_4\Chapter_4_4.vcxproj", "{A51EB622-BF3F-4D7F-B13B-B225C6EA6AD1}"
EndProject
Project("{8BC9CEB8-8B4A-11D0-8D11-00A0C91BC942}") = "Chapter_4_5", "Chapter_4_5\Chapter_4_5.vcxproj", "{593C456E-98B8-49F9-BC5C-E3ABD6353FB5}"
EndProject
Project("{8BC9CEB8-8B4A-11D0-8D11-00A0C91BC942}") = "Chapter_4_6", "Chapter_4_6\Chapter_4_6.vcxproj", "{51CCC4A5-F4C2-4CCF-8F0C-81D6653E89D6}"
EndProject
Project("{8BC9CEB8-8B4A-11D0-8D11-00A0C91BC942}") = "Chapter_4_7", "Chapter_4_7\Chapter_4_7.vcxproj", "{ECE90360-6586-4B4E-97B9-A37B859353BC}"
EndProject
Project("{8BC9CEB8-8B4A-11D0-8D11-00A0C91BC942}") = "Chapter_4_8", "Chapter_4_8\Chapter_4_8.vcxproj", "{FEA7A887-0DCE-4AED-A0DA-3549A82069D2}"
EndProject
Project("{8BC9CEB8-8B4A-11D0-8D11-00A0C91BC942}") = "Chapter_4_9", "Chapter_4_9\Chapter_4_9.vcxproj", "{4DEE8299-3526-41A6-BEA9-260A29C8BE08}"
EndProject
Project("{8BC9CEB8-8B4A-11D0-8D11-00A0C91BC942}") = "Chapter_4_10", "Chapter_4_10\Chapter_4_10.vcxproj", "{AF55B6FE-B1D0-4C11-A8DE-9D618027DD80}"
EndProject
Global
	GlobalSection(SolutionConfigurationPlatforms) = preSolution
		Debug|x64 = Debug|x64
		Debug|x86 = Debug|x86
		Release|x64 = Release|x64
		Release|x86 = Release|x86
	EndGlobalSection
	GlobalSection(ProjectConfigurationPlatforms) = postSolution
		{E445C51C-415B-40E7-B5C5-D805D71AE018}.Debug|x64.ActiveCfg = Debug|x64
		{E445C51C-415B-40E7-B5C5-D805D71AE018}.Debug|x64.Build.0 = Debug|x64
		{E445C51C-415B-40E7-B5C5-D805D71AE018}.Debug|x86.ActiveCfg = Debug|Win32
		{E445C51C-415B-40E7-B5C5-D805D71AE018}.Debug|x86.Build.0 = Debug|Win32
		{E445C51C-415B-40E7-B5C5-D805D71AE018}.Release|x64.ActiveCfg = Release|x64
		{E445C51C-415B-40E7-B5C5-D805D71AE018}.Release|x64.Build.0 = Release|x64
		{E445C51C-415B-40E7-B5C5-D805D71AE018}.Release|x86.ActiveCfg = Release|Win32
		{E445C51C-415B-40E7-B5C5-D805D71AE018}.Release|x86.Build.0 = Release|Win32
		{42145734-55AE-4AAC-8EAC-D058EDD596BE}.Debug|x64.ActiveCfg = Debug|x64
		{42145734-55AE-4AAC-8EAC-D058EDD596BE}.Debug|x64.Build.0 = Debug|x64
		{42145734-55AE-4AAC-8EAC-D058EDD596BE}.Debug|x86.ActiveCfg = Debug|Win32
		{42145734-55AE-4AAC-8EAC-D058EDD596BE}.Debug|x86.Build.0 = Debug|Win32
		{42145734-55AE-4AAC-8EAC-D058EDD596BE}.Release|x64.ActiveCfg = Release|x64
		{42145734-55AE-4AAC-8EAC-D058EDD596BE}.Release|x64.Build.0 = Release|x64
		{42145734-55AE-4AAC-8EAC-D058EDD596BE}.Release|x86.ActiveCfg = Release|Win32
		{42145734-55AE-4AAC-8EAC-D058EDD596BE}.Release|x86.Build.0 = Release|Win32
		{1B048219-B09D-4582-97CA-11CDC48DFC64}.Debug|x64.ActiveCfg = Debug|x64
		{1B048219-B09D-4582-97CA-11CDC48DFC64}.Debug|x64.Build.0 = Debug|x64
		{1B048219-B09D-4582-97CA-11CDC48DFC64}.Debug|x86.ActiveCfg = Debug|Win32
		{1B048219-B09D-4582-97CA-11CDC48DFC64}.Debug|x86.Build.0 = Debug|Win32
		{1B048219-B09D-4582-97CA-11CDC48DFC64}.Release|x64.ActiveCfg = Release|x64
		{1B048219-B09D-4582-97CA-11CDC48DFC64}.Release|x64.Build.0 = Release|x64
		{1B048219-B09D-4582-97CA-11CDC48DFC64}.Release|x86.ActiveCfg = Release|Win32
		{1B048219-B09D-4582-97CA-11CDC48DFC64}.Release|x86.Build.0 = Release|Win32
		{869A0C57-BF70-4AAA-B057-437E762EBF52}.Debug|x64.ActiveCfg = Debug|x64
		{869A0C57-BF70-4AAA-B057-437E762EBF52}.Debug|x64.Build.0 = Debug|x64
		{869A0C57-BF70-4AAA-B057-437E762EBF52}.Debug|x86.ActiveCfg = Debug|Win32
		{869A0C57-BF70-4AAA-B057-437E762EBF52}.Debug|x86.Build.0 = Debug|Win32
		{869A0C57-BF70-4AAA-B057-437E762EBF52}.Release|x64.ActiveCfg = Release|x64
		{869A0C57-BF70-4AAA-B057-437E762EBF52}.Release|x64.Build.0 = Release|x64
		{869A0C57-BF70-4AAA-B057-437E762EBF52}.Release|x86.ActiveCfg = Release|Win32
		{869A0C57-BF70-4AAA-B057-437E762EBF52}.Release|x86.Build.0 = Release|Win32
		{A51EB622-BF3F-4D7F-B13B-B225C6EA6AD1}.Debug|x64.ActiveCfg = Debug|x64
		{A51EB622-BF3F-4D7F-B13B-B225C6EA6AD1}.Debug|x64.Build.0 = Debug|x64
		{A51EB622-BF3F-4D7F-B13B-B225C6EA6AD1}.Debug|x86.ActiveCfg = Debug|Win32
		{A51EB622-BF3F-4D7F-B13B-B225C6EA6AD1}.Debug|x86.Build.0 = Debug|Win32
		{A51EB622-BF3F-4D7F-B13B-B225C6EA6AD1}.Release|x64.ActiveCfg = Release|x64
		{A51EB622-BF3F-4D7F-B13B-B225C6EA6AD1}.Release|x64.Build.0 = Release|x64
		{A51EB622-BF3F-4D7F-B13B-B225C6EA6AD1}.Release|x86.ActiveCfg = Release|Win32
		{A51EB622-BF3F-4D7F-B13B-B225C6EA6AD1}.Release|x86.Build.0 = Release|Win32
		{593C456E-98B8-49F9-BC5C-E3ABD6353FB5}.Debug|x64.ActiveCfg = Debug|x64
		{593C456E-98B8-49F9-BC5C-E3ABD6353FB5}.Debug|x64.Build.0 = Debug|x64
		{593C456E-98B8-49F9-BC5C-E3ABD6353FB5}.Debug|x86.ActiveCfg = Debug|Win32
		{593C456E-98B8-49F9-BC5C-E3ABD6353FB5}.Debug|x86.Build.0 = Debug|Win32
		{593C456E-98B8-49F9-BC5C-E3ABD6353FB5}.Release|x64.ActiveCfg = Release|x64
		{593C456E-98B8-49F9-BC5C-E3ABD6353FB5}.Release|x64.Build.0 = Release|x64
		{593C456E-98B8-49F9-BC5C-E3ABD6353FB5}.Release|x86.ActiveCfg = Release|Win32
		{593C456E-98B8-49F9-BC5C-E3ABD6353FB5}.Release|x86.Build.0 = Release|Win32
		{51CCC4A5-F4C2-4CCF-8F0C-81D6653E89D6}.Debug|x64.ActiveCfg = Debug|x64
		{51CCC4A5-F4C2-4CCF-8F0C-81D6653E89D6}.Debug|x64.Build.0 = Debug|x64
		{51CCC4A5-F4C2-4CCF-8F0C-81D6653E89D6}.Debug|x86.ActiveCfg = Debug|Win32
		{51CCC4A5-F4C2-4CCF-8F0C-81D6653E89D6}.Debug|x86.Build.0 = Debug|Win32
		{51CCC4A5-F4C2-4CCF-8F0C-81D6653E89D6}.Release|x64.ActiveCfg = Release|x64
		{51CCC4A5-F4C2-4CCF-8F0C-81D6653E89D6}.Release|x64.Build.0 = Release|x64
		{51CCC4A5-F4C2-4CCF-8F0C-81D6653E89D6}.Release|x86.ActiveCfg = Release|Win32
		{51CCC4A5-F4C2-4CCF-8F0C-81D6653E89D6}.Release|x86.Build.0 = Release|Win32
		{ECE90360-6586-4B4E-97B9-A37B859353BC}.Debug|x64.ActiveCfg = Debug|x64
		{ECE90360-6586-4B4E-97B9-A37B859353BC}.Debug|x64.Build.0 = Debug|x64
		{ECE90360-6586-4B4E-97B9-A37B859353BC}.Debug|x86.ActiveCfg = Debug|Win32
		{ECE90360-6586-4B4E-97B9-A37B859353BC}.Debug|x86.Build.0 = Debug|Win32
		{ECE90360-6586-4B4E-97B9-A37B859353BC}.Release|x64.ActiveCfg = Release|x64
		{ECE90360-6586-4B4E-97B9-A37B859353BC}.Release|x64.Build.0 = Release|x64
		{ECE90360-6586-4B4E-97B9-A37B859353BC}.Release|x86.ActiveCfg = Release|Win32
		{ECE90360-6586-4B4E-97B9-A37B859353BC}.Release|x86.Build.0 = Release|Win32
		{FEA7A887-0DCE-4AED-A0DA-3549A82069D2}.Debug|x64.ActiveCfg = Debug|x64
		{FEA7A887-0DCE-4AED-A0DA-3549A82069D2}.Debug|x64.Build.0 = Debug|x64
		{FEA7A887-0DCE-4AED-A0DA-3549A82069D2}.Debug|x86.ActiveCfg = Debug|Win32
		{FEA7A887-0DCE-4AED-A0DA-3549A82069D2}.Debug|x86.Build.0 = Debug|Win32
		{FEA7A887-0DCE-4AED-A0DA-3549A82069D2}.Release|x64.ActiveCfg = Release|x64
		{FEA7A887-0DCE-4AED-A0DA-3549A82069D2}.Release|x64.Build.0 = Release|x64
		{FEA7A887-0DCE-4AED-A0DA-3549A82069D2}.Release|x86.ActiveCfg = Release|Win32
		{FEA7A887-0DCE-4AED-A0DA-3549A82069D2}.Release|x86.Build.0 = Release|Win32
		{4DEE8299-3526-41A6-BEA9-260A29C8BE08}.Debug|x64.ActiveCfg = Debug|x64
		{4DEE8299-3526-41A6-BEA9-260A29C8BE08}.Debug|x64.Build.0 = Debug|x64
		{4DEE8299-3526-41A6-BEA9-260A29C8BE08}.Debug|x86.ActiveCfg = Debug|Win32
		{4DEE8299-3526-41A6-BEA9-260A29C8BE08}.Debug|x86.Build.0 = Debug|Win32
		{4DEE8299-3526-41A6-BEA9-260A29C8BE08}.Release|x64.ActiveCfg = Release|x64
		{4DEE8299-3526-41A6-BEA9-260A29C8BE08}.Release|x64.Build.0 = Release|x64
		{4DEE8299-3526-41A6-BEA9-260A29C8BE08}.Release|x86.ActiveCfg = Release|Win32
		{4DEE8299-3526-41A6-BEA9-260A29C8BE08}.Release|x86.Build.0 = Release|Win32
		{AF55B6FE-B1D0-4C11-A8DE-9D618027DD80}.Debug|x64.ActiveCfg = Debug|x64
		{AF55B6FE-B1D0-4C11-A8DE-9D618027DD80}.Debug|x64.Build.0 = Debug|x64
		{AF55B6FE-B1D0-4C11-A8DE-9D618027DD80}.Debug|x86.ActiveCfg = Debug|Win32
		{AF55B6FE-B1D0-4C11-A8DE-9D618027DD80}.Debug|x86.Build.0 = Debug|Win32
		{AF55B6FE-B1D0-4C11-A8DE-9D618027DD80}.Release|x64.ActiveCfg = Release|x64
		{AF55B6FE-B1D0-4C11-A8DE-9D618027DD80}.Release|x64.Build.0 = Release|x64
		{AF55B6FE-B1D0-4C11-A8DE-9D618027DD80}.Release|x86.ActiveCfg = Release|Win32
		{AF55B6FE-B1D0-4C11-A8DE-9D618027DD80}.Release|x86.Build.0 = Release|Win32
	EndGlobalSection
	GlobalSection(SolutionProperties) = preSolution
		HideSolutionNode = FALSE
	EndGlobalSection
	GlobalSection(ExtensibilityGlobals) = postSolution
		SolutionGuid = {098281A9-5438-4B9A-8C78-853DD9A4F4F6}
	EndGlobalSection
EndGlobal
