
Microsoft Visual Studio Solution File, Format Version 12.00
# Visual Studio Version 17
VisualStudioVersion = 17.14.36408.4
MinimumVisualStudioVersion = 10.0.40219.1
Project("{8BC9CEB8-8B4A-11D0-8D11-00A0C91BC942}") = "Chapter_3_1", "Chapter_3_1\Chapter_3_1.vcxproj", "{38672600-06B2-4E1C-A609-56DDED4513FB}"
EndProject
Project("{8BC9CEB8-8B4A-11D0-8D11-00A0C91BC942}") = "Chapter_3_2", "Chapter_3_2\Chapter_3_2.vcxproj", "{7F00D5C7-D3BD-4B55-A5AF-7CAEA25F691B}"
EndProject
Project("{8BC9CEB8-8B4A-11D0-8D11-00A0C91BC942}") = "Chapter_3_3", "Chapter_3_3\Chapter_3_3.vcxproj", "{521B48E1-0BCD-4F86-AAED-C24FDB172589}"
EndProject
Project("{8BC9CEB8-8B4A-11D0-8D11-00A0C91BC942}") = "Chapter_3_4", "Chapter_3_4\Chapter_3_4.vcxproj", "{F32D5B74-7CD3-4C6B-A071-384DCEDB50B6}"
EndProject
Project("{8BC9CEB8-8B4A-11D0-8D11-00A0C91BC942}") = "Chapter_3_5", "Chapter_3_5\Chapter_3_5.vcxproj", "{786614B8-34EE-4DAA-BEDB-A284059473AB}"
EndProject
Project("{8BC9CEB8-8B4A-11D0-8D11-00A0C91BC942}") = "Chapter_3_6", "Chapter_3_6\Chapter_3_6.vcxproj", "{FA038CF8-118C-490A-A547-86A3CC7146EA}"
EndProject
Project("{8BC9CEB8-8B4A-11D0-8D11-00A0C91BC942}") = "Chapter_3_8", "Chapter_3_8\Chapter_3_8.vcxproj", "{218C76BB-F4B5-4BAE-A7BE-835C7C8722FE}"
EndProject
Project("{8BC9CEB8-8B4A-11D0-8D11-00A0C91BC942}") = "Chapter_3_9", "Chapter_3_9\Chapter_3_9.vcxproj", "{F0E91598-17C2-4BC9-A58A-70BB7B0A5CD7}"
EndProject
Project("{8BC9CEB8-8B4A-11D0-8D11-00A0C91BC942}") = "Chapter_3_9_2", "Chapter_3_9_2\Chapter_3_9_2.vcxproj", "{064CBB97-1355-4D22-895A-FFBAE6137AF0}"
EndProject
Global
	GlobalSection(SolutionConfigurationPlatforms) = preSolution
		Debug|x64 = Debug|x64
		Debug|x86 = Debug|x86
		Release|x64 = Release|x64
		Release|x86 = Release|x86
	EndGlobalSection
	GlobalSection(ProjectConfigurationPlatforms) = postSolution
		{38672600-06B2-4E1C-A609-56DDED4513FB}.Debug|x64.ActiveCfg = Debug|x64
		{38672600-06B2-4E1C-A609-56DDED4513FB}.Debug|x64.Build.0 = Debug|x64
		{38672600-06B2-4E1C-A609-56DDED4513FB}.Debug|x86.ActiveCfg = Debug|Win32
		{38672600-06B2-4E1C-A609-56DDED4513FB}.Debug|x86.Build.0 = Debug|Win32
		{38672600-06B2-4E1C-A609-56DDED4513FB}.Release|x64.ActiveCfg = Release|x64
		{38672600-06B2-4E1C-A609-56DDED4513FB}.Release|x64.Build.0 = Release|x64
		{38672600-06B2-4E1C-A609-56DDED4513FB}.Release|x86.ActiveCfg = Release|Win32
		{38672600-06B2-4E1C-A609-56DDED4513FB}.Release|x86.Build.0 = Release|Win32
		{7F00D5C7-D3BD-4B55-A5AF-7CAEA25F691B}.Debug|x64.ActiveCfg = Debug|x64
		{7F00D5C7-D3BD-4B55-A5AF-7CAEA25F691B}.Debug|x64.Build.0 = Debug|x64
		{7F00D5C7-D3BD-4B55-A5AF-7CAEA25F691B}.Debug|x86.ActiveCfg = Debug|Win32
		{7F00D5C7-D3BD-4B55-A5AF-7CAEA25F691B}.Debug|x86.Build.0 = Debug|Win32
		{7F00D5C7-D3BD-4B55-A5AF-7CAEA25F691B}.Release|x64.ActiveCfg = Release|x64
		{7F00D5C7-D3BD-4B55-A5AF-7CAEA25F691B}.Release|x64.Build.0 = Release|x64
		{7F00D5C7-D3BD-4B55-A5AF-7CAEA25F691B}.Release|x86.ActiveCfg = Release|Win32
		{7F00D5C7-D3BD-4B55-A5AF-7CAEA25F691B}.Release|x86.Build.0 = Release|Win32
		{521B48E1-0BCD-4F86-AAED-C24FDB172589}.Debug|x64.ActiveCfg = Debug|x64
		{521B48E1-0BCD-4F86-AAED-C24FDB172589}.Debug|x64.Build.0 = Debug|x64
		{521B48E1-0BCD-4F86-AAED-C24FDB172589}.Debug|x86.ActiveCfg = Debug|Win32
		{521B48E1-0BCD-4F86-AAED-C24FDB172589}.Debug|x86.Build.0 = Debug|Win32
		{521B48E1-0BCD-4F86-AAED-C24FDB172589}.Release|x64.ActiveCfg = Release|x64
		{521B48E1-0BCD-4F86-AAED-C24FDB172589}.Release|x64.Build.0 = Release|x64
		{521B48E1-0BCD-4F86-AAED-C24FDB172589}.Release|x86.ActiveCfg = Release|Win32
		{521B48E1-0BCD-4F86-AAED-C24FDB172589}.Release|x86.Build.0 = Release|Win32
		{F32D5B74-7CD3-4C6B-A071-384DCEDB50B6}.Debug|x64.ActiveCfg = Debug|x64
		{F32D5B74-7CD3-4C6B-A071-384DCEDB50B6}.Debug|x64.Build.0 = Debug|x64
		{F32D5B74-7CD3-4C6B-A071-384DCEDB50B6}.Debug|x86.ActiveCfg = Debug|Win32
		{F32D5B74-7CD3-4C6B-A071-384DCEDB50B6}.Debug|x86.Build.0 = Debug|Win32
		{F32D5B74-7CD3-4C6B-A071-384DCEDB50B6}.Release|x64.ActiveCfg = Release|x64
		{F32D5B74-7CD3-4C6B-A071-384DCEDB50B6}.Release|x64.Build.0 = Release|x64
		{F32D5B74-7CD3-4C6B-A071-384DCEDB50B6}.Release|x86.ActiveCfg = Release|Win32
		{F32D5B74-7CD3-4C6B-A071-384DCEDB50B6}.Release|x86.Build.0 = Release|Win32
		{786614B8-34EE-4DAA-BEDB-A284059473AB}.Debug|x64.ActiveCfg = Debug|x64
		{786614B8-34EE-4DAA-BEDB-A284059473AB}.Debug|x64.Build.0 = Debug|x64
		{786614B8-34EE-4DAA-BEDB-A284059473AB}.Debug|x86.ActiveCfg = Debug|Win32
		{786614B8-34EE-4DAA-BEDB-A284059473AB}.Debug|x86.Build.0 = Debug|Win32
		{786614B8-34EE-4DAA-BEDB-A284059473AB}.Release|x64.ActiveCfg = Release|x64
		{786614B8-34EE-4DAA-BEDB-A284059473AB}.Release|x64.Build.0 = Release|x64
		{786614B8-34EE-4DAA-BEDB-A284059473AB}.Release|x86.ActiveCfg = Release|Win32
		{786614B8-34EE-4DAA-BEDB-A284059473AB}.Release|x86.Build.0 = Release|Win32
		{FA038CF8-118C-490A-A547-86A3CC7146EA}.Debug|x64.ActiveCfg = Debug|x64
		{FA038CF8-118C-490A-A547-86A3CC7146EA}.Debug|x64.Build.0 = Debug|x64
		{FA038CF8-118C-490A-A547-86A3CC7146EA}.Debug|x86.ActiveCfg = Debug|Win32
		{FA038CF8-118C-490A-A547-86A3CC7146EA}.Debug|x86.Build.0 = Debug|Win32
		{FA038CF8-118C-490A-A547-86A3CC7146EA}.Release|x64.ActiveCfg = Release|x64
		{FA038CF8-118C-490A-A547-86A3CC7146EA}.Release|x64.Build.0 = Release|x64
		{FA038CF8-118C-490A-A547-86A3CC7146EA}.Release|x86.ActiveCfg = Release|Win32
		{FA038CF8-118C-490A-A547-86A3CC7146EA}.Release|x86.Build.0 = Release|Win32
		{218C76BB-F4B5-4BAE-A7BE-835C7C8722FE}.Debug|x64.ActiveCfg = Debug|x64
		{218C76BB-F4B5-4BAE-A7BE-835C7C8722FE}.Debug|x64.Build.0 = Debug|x64
		{218C76BB-F4B5-4BAE-A7BE-835C7C8722FE}.Debug|x86.ActiveCfg = Debug|Win32
		{218C76BB-F4B5-4BAE-A7BE-835C7C8722FE}.Debug|x86.Build.0 = Debug|Win32
		{218C76BB-F4B5-4BAE-A7BE-835C7C8722FE}.Release|x64.ActiveCfg = Release|x64
		{218C76BB-F4B5-4BAE-A7BE-835C7C8722FE}.Release|x64.Build.0 = Release|x64
		{218C76BB-F4B5-4BAE-A7BE-835C7C8722FE}.Release|x86.ActiveCfg = Release|Win32
		{218C76BB-F4B5-4BAE-A7BE-835C7C8722FE}.Release|x86.Build.0 = Release|Win32
		{F0E91598-17C2-4BC9-A58A-70BB7B0A5CD7}.Debug|x64.ActiveCfg = Debug|x64
		{F0E91598-17C2-4BC9-A58A-70BB7B0A5CD7}.Debug|x64.Build.0 = Debug|x64
		{F0E91598-17C2-4BC9-A58A-70BB7B0A5CD7}.Debug|x86.ActiveCfg = Debug|Win32
		{F0E91598-17C2-4BC9-A58A-70BB7B0A5CD7}.Debug|x86.Build.0 = Debug|Win32
		{F0E91598-17C2-4BC9-A58A-70BB7B0A5CD7}.Release|x64.ActiveCfg = Release|x64
		{F0E91598-17C2-4BC9-A58A-70BB7B0A5CD7}.Release|x64.Build.0 = Release|x64
		{F0E91598-17C2-4BC9-A58A-70BB7B0A5CD7}.Release|x86.ActiveCfg = Release|Win32
		{F0E91598-17C2-4BC9-A58A-70BB7B0A5CD7}.Release|x86.Build.0 = Release|Win32
		{064CBB97-1355-4D22-895A-FFBAE6137AF0}.Debug|x64.ActiveCfg = Debug|x64
		{064CBB97-1355-4D22-895A-FFBAE6137AF0}.Debug|x64.Build.0 = Debug|x64
		{064CBB97-1355-4D22-895A-FFBAE6137AF0}.Debug|x86.ActiveCfg = Debug|Win32
		{064CBB97-1355-4D22-895A-FFBAE6137AF0}.Debug|x86.Build.0 = Debug|Win32
		{064CBB97-1355-4D22-895A-FFBAE6137AF0}.Release|x64.ActiveCfg = Release|x64
		{064CBB97-1355-4D22-895A-FFBAE6137AF0}.Release|x64.Build.0 = Release|x64
		{064CBB97-1355-4D22-895A-FFBAE6137AF0}.Release|x86.ActiveCfg = Release|Win32
		{064CBB97-1355-4D22-895A-FFBAE6137AF0}.Release|x86.Build.0 = Release|Win32
	EndGlobalSection
	GlobalSection(SolutionProperties) = preSolution
		HideSolutionNode = FALSE
	EndGlobalSection
	GlobalSection(ExtensibilityGlobals) = postSolution
		SolutionGuid = {2218E820-6800-4C2F-967F-F0E98E43A870}
	EndGlobalSection
EndGlobal
