
Microsoft Visual Studio Solution File, Format Version 12.00
# Visual Studio Version 17
VisualStudioVersion = 17.14.36408.4
MinimumVisualStudioVersion = 10.0.40219.1
Project("{8BC9CEB8-8B4A-11D0-8D11-00A0C91BC942}") = "Chapter1_1", "Chapter1_1\Chapter1_1.vcxproj", "{3D110581-FD87-4EF4-B2DF-68D26FDB2066}"
EndProject
Project("{8BC9CEB8-8B4A-11D0-8D11-00A0C91BC942}") = "Chapter1_3", "Chapter1_3\Chapter1_3.vcxproj", "{0692D4EE-2458-4C57-A099-2209F2189232}"
EndProject
Project("{8BC9CEB8-8B4A-11D0-8D11-00A0C91BC942}") = "Chapter1_4", "Chapter1_4\Chapter1_4.vcxproj", "{F67FA8D4-6E57-4D80-A2D8-D4316551872F}"
EndProject
Project("{8BC9CEB8-8B4A-11D0-8D11-00A0C91BC942}") = "Chapter1_5", "Chapter1_5\Chapter1_5.vcxproj", "{0D56CA80-3B4C-4FA1-B670-AA03286B18EB}"
EndProject
Project("{8BC9CEB8-8B4A-11D0-8D11-00A0C91BC942}") = "Chapter1_6", "Chapter1_6\Chapter1_6.vcxproj", "{628F92C3-1739-4A80-9C89-129335FB0FB0}"
EndProject
Project("{8BC9CEB8-8B4A-11D0-8D11-00A0C91BC942}") = "Chapter1_7", "Chapter1_7\Chapter1_7.vcxproj", "{0BE8C99C-8FA2-4D8D-961B-701D105CF55D}"
EndProject
Project("{8BC9CEB8-8B4A-11D0-8D11-00A0C91BC942}") = "Chapter1_8", "Chapter1_8\Chapter1_8.vcxproj", "{417D6AC8-F1AD-41BA-8A53-BCC66D0B6A3B}"
EndProject
Project("{8BC9CEB8-8B4A-11D0-8D11-00A0C91BC942}") = "Chapter1_9", "Chapter1_9\Chapter1_9.vcxproj", "{14F5E0A4-96BA-4634-8695-9D43568ECAEF}"
EndProject
Project("{8BC9CEB8-8B4A-11D0-8D11-00A0C91BC942}") = "Chapter1_10", "Chapter1_10\Chapter1_10.vcxproj", "{43F97319-53F2-47D2-99B8-7328E4023083}"
EndProject
Project("{8BC9CEB8-8B4A-11D0-8D11-00A0C91BC942}") = "Chapter1_11", "Chapter1_11\Chapter1_11.vcxproj", "{DF849F7F-E544-4A01-BBA3-832449AF351A}"
EndProject
Project("{8BC9CEB8-8B4A-11D0-8D11-00A0C91BC942}") = "Chapter1_12", "Chapter1_12\Chapter1_12.vcxproj", "{E6571BA4-5567-4447-AC21-559FAC1938A1}"
EndProject
Project("{8BC9CEB8-8B4A-11D0-8D11-00A0C91BC942}") = "Chapter1_13", "Chapter1_13\Chapter1_13.vcxproj", "{B7B80A87-6DBE-40B0-9A5E-0640DAE8E1C9}"
EndProject
Project("{8BC9CEB8-8B4A-11D0-8D11-00A0C91BC942}") = "Chapter1_14", "Chapter1_14\Chapter1_14.vcxproj", "{1EA8E088-599F-4B87-89DB-BC92C3C97483}"
EndProject
Global
	GlobalSection(SolutionConfigurationPlatforms) = preSolution
		Debug|x64 = Debug|x64
		Debug|x86 = Debug|x86
		Release|x64 = Release|x64
		Release|x86 = Release|x86
	EndGlobalSection
	GlobalSection(ProjectConfigurationPlatforms) = postSolution
		{3D110581-FD87-4EF4-B2DF-68D26FDB2066}.Debug|x64.ActiveCfg = Debug|x64
		{3D110581-FD87-4EF4-B2DF-68D26FDB2066}.Debug|x64.Build.0 = Debug|x64
		{3D110581-FD87-4EF4-B2DF-68D26FDB2066}.Debug|x86.ActiveCfg = Debug|Win32
		{3D110581-FD87-4EF4-B2DF-68D26FDB2066}.Debug|x86.Build.0 = Debug|Win32
		{3D110581-FD87-4EF4-B2DF-68D26FDB2066}.Release|x64.ActiveCfg = Release|x64
		{3D110581-FD87-4EF4-B2DF-68D26FDB2066}.Release|x64.Build.0 = Release|x64
		{3D110581-FD87-4EF4-B2DF-68D26FDB2066}.Release|x86.ActiveCfg = Release|Win32
		{3D110581-FD87-4EF4-B2DF-68D26FDB2066}.Release|x86.Build.0 = Release|Win32
		{0692D4EE-2458-4C57-A099-2209F2189232}.Debug|x64.ActiveCfg = Debug|x64
		{0692D4EE-2458-4C57-A099-2209F2189232}.Debug|x64.Build.0 = Debug|x64
		{0692D4EE-2458-4C57-A099-2209F2189232}.Debug|x86.ActiveCfg = Debug|Win32
		{0692D4EE-2458-4C57-A099-2209F2189232}.Debug|x86.Build.0 = Debug|Win32
		{0692D4EE-2458-4C57-A099-2209F2189232}.Release|x64.ActiveCfg = Release|x64
		{0692D4EE-2458-4C57-A099-2209F2189232}.Release|x64.Build.0 = Release|x64
		{0692D4EE-2458-4C57-A099-2209F2189232}.Release|x86.ActiveCfg = Release|Win32
		{0692D4EE-2458-4C57-A099-2209F2189232}.Release|x86.Build.0 = Release|Win32
		{F67FA8D4-6E57-4D80-A2D8-D4316551872F}.Debug|x64.ActiveCfg = Debug|x64
		{F67FA8D4-6E57-4D80-A2D8-D4316551872F}.Debug|x64.Build.0 = Debug|x64
		{F67FA8D4-6E57-4D80-A2D8-D4316551872F}.Debug|x86.ActiveCfg = Debug|Win32
		{F67FA8D4-6E57-4D80-A2D8-D4316551872F}.Debug|x86.Build.0 = Debug|Win32
		{F67FA8D4-6E57-4D80-A2D8-D4316551872F}.Release|x64.ActiveCfg = Release|x64
		{F67FA8D4-6E57-4D80-A2D8-D4316551872F}.Release|x64.Build.0 = Release|x64
		{F67FA8D4-6E57-4D80-A2D8-D4316551872F}.Release|x86.ActiveCfg = Release|Win32
		{F67FA8D4-6E57-4D80-A2D8-D4316551872F}.Release|x86.Build.0 = Release|Win32
		{0D56CA80-3B4C-4FA1-B670-AA03286B18EB}.Debug|x64.ActiveCfg = Debug|x64
		{0D56CA80-3B4C-4FA1-B670-AA03286B18EB}.Debug|x64.Build.0 = Debug|x64
		{0D56CA80-3B4C-4FA1-B670-AA03286B18EB}.Debug|x86.ActiveCfg = Debug|Win32
		{0D56CA80-3B4C-4FA1-B670-AA03286B18EB}.Debug|x86.Build.0 = Debug|Win32
		{0D56CA80-3B4C-4FA1-B670-AA03286B18EB}.Release|x64.ActiveCfg = Release|x64
		{0D56CA80-3B4C-4FA1-B670-AA03286B18EB}.Release|x64.Build.0 = Release|x64
		{0D56CA80-3B4C-4FA1-B670-AA03286B18EB}.Release|x86.ActiveCfg = Release|Win32
		{0D56CA80-3B4C-4FA1-B670-AA03286B18EB}.Release|x86.Build.0 = Release|Win32
		{628F92C3-1739-4A80-9C89-129335FB0FB0}.Debug|x64.ActiveCfg = Debug|x64
		{628F92C3-1739-4A80-9C89-129335FB0FB0}.Debug|x64.Build.0 = Debug|x64
		{628F92C3-1739-4A80-9C89-129335FB0FB0}.Debug|x86.ActiveCfg = Debug|Win32
		{628F92C3-1739-4A80-9C89-129335FB0FB0}.Debug|x86.Build.0 = Debug|Win32
		{628F92C3-1739-4A80-9C89-129335FB0FB0}.Release|x64.ActiveCfg = Release|x64
		{628F92C3-1739-4A80-9C89-129335FB0FB0}.Release|x64.Build.0 = Release|x64
		{628F92C3-1739-4A80-9C89-129335FB0FB0}.Release|x86.ActiveCfg = Release|Win32
		{628F92C3-1739-4A80-9C89-129335FB0FB0}.Release|x86.Build.0 = Release|Win32
		{0BE8C99C-8FA2-4D8D-961B-701D105CF55D}.Debug|x64.ActiveCfg = Debug|x64
		{0BE8C99C-8FA2-4D8D-961B-701D105CF55D}.Debug|x64.Build.0 = Debug|x64
		{0BE8C99C-8FA2-4D8D-961B-701D105CF55D}.Debug|x86.ActiveCfg = Debug|Win32
		{0BE8C99C-8FA2-4D8D-961B-701D105CF55D}.Debug|x86.Build.0 = Debug|Win32
		{0BE8C99C-8FA2-4D8D-961B-701D105CF55D}.Release|x64.ActiveCfg = Release|x64
		{0BE8C99C-8FA2-4D8D-961B-701D105CF55D}.Release|x64.Build.0 = Release|x64
		{0BE8C99C-8FA2-4D8D-961B-701D105CF55D}.Release|x86.ActiveCfg = Release|Win32
		{0BE8C99C-8FA2-4D8D-961B-701D105CF55D}.Release|x86.Build.0 = Release|Win32
		{417D6AC8-F1AD-41BA-8A53-BCC66D0B6A3B}.Debug|x64.ActiveCfg = Debug|x64
		{417D6AC8-F1AD-41BA-8A53-BCC66D0B6A3B}.Debug|x64.Build.0 = Debug|x64
		{417D6AC8-F1AD-41BA-8A53-BCC66D0B6A3B}.Debug|x86.ActiveCfg = Debug|Win32
		{417D6AC8-F1AD-41BA-8A53-BCC66D0B6A3B}.Debug|x86.Build.0 = Debug|Win32
		{417D6AC8-F1AD-41BA-8A53-BCC66D0B6A3B}.Release|x64.ActiveCfg = Release|x64
		{417D6AC8-F1AD-41BA-8A53-BCC66D0B6A3B}.Release|x64.Build.0 = Release|x64
		{417D6AC8-F1AD-41BA-8A53-BCC66D0B6A3B}.Release|x86.ActiveCfg = Release|Win32
		{417D6AC8-F1AD-41BA-8A53-BCC66D0B6A3B}.Release|x86.Build.0 = Release|Win32
		{14F5E0A4-96BA-4634-8695-9D43568ECAEF}.Debug|x64.ActiveCfg = Debug|x64
		{14F5E0A4-96BA-4634-8695-9D43568ECAEF}.Debug|x64.Build.0 = Debug|x64
		{14F5E0A4-96BA-4634-8695-9D43568ECAEF}.Debug|x86.ActiveCfg = Debug|Win32
		{14F5E0A4-96BA-4634-8695-9D43568ECAEF}.Debug|x86.Build.0 = Debug|Win32
		{14F5E0A4-96BA-4634-8695-9D43568ECAEF}.Release|x64.ActiveCfg = Release|x64
		{14F5E0A4-96BA-4634-8695-9D43568ECAEF}.Release|x64.Build.0 = Release|x64
		{14F5E0A4-96BA-4634-8695-9D43568ECAEF}.Release|x86.ActiveCfg = Release|Win32
		{14F5E0A4-96BA-4634-8695-9D43568ECAEF}.Release|x86.Build.0 = Release|Win32
		{43F97319-53F2-47D2-99B8-7328E4023083}.Debug|x64.ActiveCfg = Debug|x64
		{43F97319-53F2-47D2-99B8-7328E4023083}.Debug|x64.Build.0 = Debug|x64
		{43F97319-53F2-47D2-99B8-7328E4023083}.Debug|x86.ActiveCfg = Debug|Win32
		{43F97319-53F2-47D2-99B8-7328E4023083}.Debug|x86.Build.0 = Debug|Win32
		{43F97319-53F2-47D2-99B8-7328E4023083}.Release|x64.ActiveCfg = Release|x64
		{43F97319-53F2-47D2-99B8-7328E4023083}.Release|x64.Build.0 = Release|x64
		{43F97319-53F2-47D2-99B8-7328E4023083}.Release|x86.ActiveCfg = Release|Win32
		{43F97319-53F2-47D2-99B8-7328E4023083}.Release|x86.Build.0 = Release|Win32
		{DF849F7F-E544-4A01-BBA3-832449AF351A}.Debug|x64.ActiveCfg = Debug|x64
		{DF849F7F-E544-4A01-BBA3-832449AF351A}.Debug|x64.Build.0 = Debug|x64
		{DF849F7F-E544-4A01-BBA3-832449AF351A}.Debug|x86.ActiveCfg = Debug|Win32
		{DF849F7F-E544-4A01-BBA3-832449AF351A}.Debug|x86.Build.0 = Debug|Win32
		{DF849F7F-E544-4A01-BBA3-832449AF351A}.Release|x64.ActiveCfg = Release|x64
		{DF849F7F-E544-4A01-BBA3-832449AF351A}.Release|x64.Build.0 = Release|x64
		{DF849F7F-E544-4A01-BBA3-832449AF351A}.Release|x86.ActiveCfg = Release|Win32
		{DF849F7F-E544-4A01-BBA3-832449AF351A}.Release|x86.Build.0 = Release|Win32
		{E6571BA4-5567-4447-AC21-559FAC1938A1}.Debug|x64.ActiveCfg = Debug|x64
		{E6571BA4-5567-4447-AC21-559FAC1938A1}.Debug|x64.Build.0 = Debug|x64
		{E6571BA4-5567-4447-AC21-559FAC1938A1}.Debug|x86.ActiveCfg = Debug|Win32
		{E6571BA4-5567-4447-AC21-559FAC1938A1}.Debug|x86.Build.0 = Debug|Win32
		{E6571BA4-5567-4447-AC21-559FAC1938A1}.Release|x64.ActiveCfg = Release|x64
		{E6571BA4-5567-4447-AC21-559FAC1938A1}.Release|x64.Build.0 = Release|x64
		{E6571BA4-5567-4447-AC21-559FAC1938A1}.Release|x86.ActiveCfg = Release|Win32
		{E6571BA4-5567-4447-AC21-559FAC1938A1}.Release|x86.Build.0 = Release|Win32
		{B7B80A87-6DBE-40B0-9A5E-0640DAE8E1C9}.Debug|x64.ActiveCfg = Debug|x64
		{B7B80A87-6DBE-40B0-9A5E-0640DAE8E1C9}.Debug|x64.Build.0 = Debug|x64
		{B7B80A87-6DBE-40B0-9A5E-0640DAE8E1C9}.Debug|x86.ActiveCfg = Debug|Win32
		{B7B80A87-6DBE-40B0-9A5E-0640DAE8E1C9}.Debug|x86.Build.0 = Debug|Win32
		{B7B80A87-6DBE-40B0-9A5E-0640DAE8E1C9}.Release|x64.ActiveCfg = Release|x64
		{B7B80A87-6DBE-40B0-9A5E-0640DAE8E1C9}.Release|x64.Build.0 = Release|x64
		{B7B80A87-6DBE-40B0-9A5E-0640DAE8E1C9}.Release|x86.ActiveCfg = Release|Win32
		{B7B80A87-6DBE-40B0-9A5E-0640DAE8E1C9}.Release|x86.Build.0 = Release|Win32
		{1EA8E088-599F-4B87-89DB-BC92C3C97483}.Debug|x64.ActiveCfg = Debug|x64
		{1EA8E088-599F-4B87-89DB-BC92C3C97483}.Debug|x64.Build.0 = Debug|x64
		{1EA8E088-599F-4B87-89DB-BC92C3C97483}.Debug|x86.ActiveCfg = Debug|Win32
		{1EA8E088-599F-4B87-89DB-BC92C3C97483}.Debug|x86.Build.0 = Debug|Win32
		{1EA8E088-599F-4B87-89DB-BC92C3C97483}.Release|x64.ActiveCfg = Release|x64
		{1EA8E088-599F-4B87-89DB-BC92C3C97483}.Release|x64.Build.0 = Release|x64
		{1EA8E088-599F-4B87-89DB-BC92C3C97483}.Release|x86.ActiveCfg = Release|Win32
		{1EA8E088-599F-4B87-89DB-BC92C3C97483}.Release|x86.Build.0 = Release|Win32
	EndGlobalSection
	GlobalSection(SolutionProperties) = preSolution
		HideSolutionNode = FALSE
	EndGlobalSection
	GlobalSection(ExtensibilityGlobals) = postSolution
		SolutionGuid = {E667F94E-5B0D-478D-B50D-FA26B1A9D1D9}
	EndGlobalSection
EndGlobal
