
Microsoft Visual Studio Solution File, Format Version 12.00
# Visual Studio Version 17
VisualStudioVersion = 17.14.36408.4
MinimumVisualStudioVersion = 10.0.40219.1
Project("{8BC9CEB8-8B4A-11D0-8D11-00A0C91BC942}") = "Chapter_9_1", "Chapter_9_1\Chapter_9_1.vcxproj", "{ADC6516C-2E28-45AF-ADDC-DB2EF3CC9714}"
EndProject
Project("{8BC9CEB8-8B4A-11D0-8D11-00A0C91BC942}") = "Chapter_9_2", "Chapter_9_2\Chapter_9_2.vcxproj", "{094EE7CD-0828-45AF-A671-F275518C8E1E}"
EndProject
Project("{8BC9CEB8-8B4A-11D0-8D11-00A0C91BC942}") = "Chapter_9_3", "Chapter_9_3\Chapter_9_3.vcxproj", "{700C76BF-0A77-4C74-80A7-4A18518FD97F}"
EndProject
Project("{8BC9CEB8-8B4A-11D0-8D11-00A0C91BC942}") = "Chapter_9_4", "Chapter_9_4\Chapter_9_4.vcxproj", "{71EFB6FB-37BF-41D9-BACB-2C920161B361}"
EndProject
Project("{8BC9CEB8-8B4A-11D0-8D11-00A0C91BC942}") = "Chapter_9_5", "Chapter_9_5\Chapter_9_5.vcxproj", "{C5AF05F4-7EFA-4597-BB48-83A96EE32933}"
EndProject
Project("{8BC9CEB8-8B4A-11D0-8D11-00A0C91BC942}") = "Chapter_9_6", "Chapter_9_6\Chapter_9_6.vcxproj", "{9308DB93-E76A-459E-9127-7D6114E63040}"
EndProject
Project("{8BC9CEB8-8B4A-11D0-8D11-00A0C91BC942}") = "Chapter_9_7", "Chapter_9_7\Chapter_9_7.vcxproj", "{A5393451-CDAC-4332-8535-79BE6BEBC00C}"
EndProject
Project("{8BC9CEB8-8B4A-11D0-8D11-00A0C91BC942}") = "Chapter_9_8", "Chapter_9_8\Chapter_9_8.vcxproj", "{69CC6743-146D-46E3-AAE4-07712671AC44}"
EndProject
Project("{8BC9CEB8-8B4A-11D0-8D11-00A0C91BC942}") = "Chapter_9_9", "Chapter_9_9\Chapter_9_9.vcxproj", "{961D2B42-F2AE-4EB0-8E19-113530CDC0B5}"
EndProject
Project("{8BC9CEB8-8B4A-11D0-8D11-00A0C91BC942}") = "Chapter_9_10", "Chapter_9_10\Chapter_9_10.vcxproj", "{747E27FE-8E89-4A8D-80FF-90FDE622EF98}"
EndProject
Project("{8BC9CEB8-8B4A-11D0-8D11-00A0C91BC942}") = "Chapter_9_11", "Chapter_9_11\Chapter_9_11.vcxproj", "{996E1C62-9BA3-44B1-AC3C-6FF30AD7A06B}"
EndProject
Project("{8BC9CEB8-8B4A-11D0-8D11-00A0C91BC942}") = "Chapter_9_12", "Chapter_9_12\Chapter_9_12.vcxproj", "{FF2C9143-8655-4D44-A98B-62404BC7C251}"
EndProject
Global
	GlobalSection(SolutionConfigurationPlatforms) = preSolution
		Debug|x64 = Debug|x64
		Debug|x86 = Debug|x86
		Release|x64 = Release|x64
		Release|x86 = Release|x86
	EndGlobalSection
	GlobalSection(ProjectConfigurationPlatforms) = postSolution
		{ADC6516C-2E28-45AF-ADDC-DB2EF3CC9714}.Debug|x64.ActiveCfg = Debug|x64
		{ADC6516C-2E28-45AF-ADDC-DB2EF3CC9714}.Debug|x64.Build.0 = Debug|x64
		{ADC6516C-2E28-45AF-ADDC-DB2EF3CC9714}.Debug|x86.ActiveCfg = Debug|Win32
		{ADC6516C-2E28-45AF-ADDC-DB2EF3CC9714}.Debug|x86.Build.0 = Debug|Win32
		{ADC6516C-2E28-45AF-ADDC-DB2EF3CC9714}.Release|x64.ActiveCfg = Release|x64
		{ADC6516C-2E28-45AF-ADDC-DB2EF3CC9714}.Release|x64.Build.0 = Release|x64
		{ADC6516C-2E28-45AF-ADDC-DB2EF3CC9714}.Release|x86.ActiveCfg = Release|Win32
		{ADC6516C-2E28-45AF-ADDC-DB2EF3CC9714}.Release|x86.Build.0 = Release|Win32
		{094EE7CD-0828-45AF-A671-F275518C8E1E}.Debug|x64.ActiveCfg = Debug|x64
		{094EE7CD-0828-45AF-A671-F275518C8E1E}.Debug|x64.Build.0 = Debug|x64
		{094EE7CD-0828-45AF-A671-F275518C8E1E}.Debug|x86.ActiveCfg = Debug|Win32
		{094EE7CD-0828-45AF-A671-F275518C8E1E}.Debug|x86.Build.0 = Debug|Win32
		{094EE7CD-0828-45AF-A671-F275518C8E1E}.Release|x64.ActiveCfg = Release|x64
		{094EE7CD-0828-45AF-A671-F275518C8E1E}.Release|x64.Build.0 = Release|x64
		{094EE7CD-0828-45AF-A671-F275518C8E1E}.Release|x86.ActiveCfg = Release|Win32
		{094EE7CD-0828-45AF-A671-F275518C8E1E}.Release|x86.Build.0 = Release|Win32
		{700C76BF-0A77-4C74-80A7-4A18518FD97F}.Debug|x64.ActiveCfg = Debug|x64
		{700C76BF-0A77-4C74-80A7-4A18518FD97F}.Debug|x64.Build.0 = Debug|x64
		{700C76BF-0A77-4C74-80A7-4A18518FD97F}.Debug|x86.ActiveCfg = Debug|Win32
		{700C76BF-0A77-4C74-80A7-4A18518FD97F}.Debug|x86.Build.0 = Debug|Win32
		{700C76BF-0A77-4C74-80A7-4A18518FD97F}.Release|x64.ActiveCfg = Release|x64
		{700C76BF-0A77-4C74-80A7-4A18518FD97F}.Release|x64.Build.0 = Release|x64
		{700C76BF-0A77-4C74-80A7-4A18518FD97F}.Release|x86.ActiveCfg = Release|Win32
		{700C76BF-0A77-4C74-80A7-4A18518FD97F}.Release|x86.Build.0 = Release|Win32
		{71EFB6FB-37BF-41D9-BACB-2C920161B361}.Debug|x64.ActiveCfg = Debug|x64
		{71EFB6FB-37BF-41D9-BACB-2C920161B361}.Debug|x64.Build.0 = Debug|x64
		{71EFB6FB-37BF-41D9-BACB-2C920161B361}.Debug|x86.ActiveCfg = Debug|Win32
		{71EFB6FB-37BF-41D9-BACB-2C920161B361}.Debug|x86.Build.0 = Debug|Win32
		{71EFB6FB-37BF-41D9-BACB-2C920161B361}.Release|x64.ActiveCfg = Release|x64
		{71EFB6FB-37BF-41D9-BACB-2C920161B361}.Release|x64.Build.0 = Release|x64
		{71EFB6FB-37BF-41D9-BACB-2C920161B361}.Release|x86.ActiveCfg = Release|Win32
		{71EFB6FB-37BF-41D9-BACB-2C920161B361}.Release|x86.Build.0 = Release|Win32
		{C5AF05F4-7EFA-4597-BB48-83A96EE32933}.Debug|x64.ActiveCfg = Debug|x64
		{C5AF05F4-7EFA-4597-BB48-83A96EE32933}.Debug|x64.Build.0 = Debug|x64
		{C5AF05F4-7EFA-4597-BB48-83A96EE32933}.Debug|x86.ActiveCfg = Debug|Win32
		{C5AF05F4-7EFA-4597-BB48-83A96EE32933}.Debug|x86.Build.0 = Debug|Win32
		{C5AF05F4-7EFA-4597-BB48-83A96EE32933}.Release|x64.ActiveCfg = Release|x64
		{C5AF05F4-7EFA-4597-BB48-83A96EE32933}.Release|x64.Build.0 = Release|x64
		{C5AF05F4-7EFA-4597-BB48-83A96EE32933}.Release|x86.ActiveCfg = Release|Win32
		{C5AF05F4-7EFA-4597-BB48-83A96EE32933}.Release|x86.Build.0 = Release|Win32
		{9308DB93-E76A-459E-9127-7D6114E63040}.Debug|x64.ActiveCfg = Debug|x64
		{9308DB93-E76A-459E-9127-7D6114E63040}.Debug|x64.Build.0 = Debug|x64
		{9308DB93-E76A-459E-9127-7D6114E63040}.Debug|x86.ActiveCfg = Debug|Win32
		{9308DB93-E76A-459E-9127-7D6114E63040}.Debug|x86.Build.0 = Debug|Win32
		{9308DB93-E76A-459E-9127-7D6114E63040}.Release|x64.ActiveCfg = Release|x64
		{9308DB93-E76A-459E-9127-7D6114E63040}.Release|x64.Build.0 = Release|x64
		{9308DB93-E76A-459E-9127-7D6114E63040}.Release|x86.ActiveCfg = Release|Win32
		{9308DB93-E76A-459E-9127-7D6114E63040}.Release|x86.Build.0 = Release|Win32
		{A5393451-CDAC-4332-8535-79BE6BEBC00C}.Debug|x64.ActiveCfg = Debug|x64
		{A5393451-CDAC-4332-8535-79BE6BEBC00C}.Debug|x64.Build.0 = Debug|x64
		{A5393451-CDAC-4332-8535-79BE6BEBC00C}.Debug|x86.ActiveCfg = Debug|Win32
		{A5393451-CDAC-4332-8535-79BE6BEBC00C}.Debug|x86.Build.0 = Debug|Win32
		{A5393451-CDAC-4332-8535-79BE6BEBC00C}.Release|x64.ActiveCfg = Release|x64
		{A5393451-CDAC-4332-8535-79BE6BEBC00C}.Release|x64.Build.0 = Release|x64
		{A5393451-CDAC-4332-8535-79BE6BEBC00C}.Release|x86.ActiveCfg = Release|Win32
		{A5393451-CDAC-4332-8535-79BE6BEBC00C}.Release|x86.Build.0 = Release|Win32
		{69CC6743-146D-46E3-AAE4-07712671AC44}.Debug|x64.ActiveCfg = Debug|x64
		{69CC6743-146D-46E3-AAE4-07712671AC44}.Debug|x64.Build.0 = Debug|x64
		{69CC6743-146D-46E3-AAE4-07712671AC44}.Debug|x86.ActiveCfg = Debug|Win32
		{69CC6743-146D-46E3-AAE4-07712671AC44}.Debug|x86.Build.0 = Debug|Win32
		{69CC6743-146D-46E3-AAE4-07712671AC44}.Release|x64.ActiveCfg = Release|x64
		{69CC6743-146D-46E3-AAE4-07712671AC44}.Release|x64.Build.0 = Release|x64
		{69CC6743-146D-46E3-AAE4-07712671AC44}.Release|x86.ActiveCfg = Release|Win32
		{69CC6743-146D-46E3-AAE4-07712671AC44}.Release|x86.Build.0 = Release|Win32
		{961D2B42-F2AE-4EB0-8E19-113530CDC0B5}.Debug|x64.ActiveCfg = Debug|x64
		{961D2B42-F2AE-4EB0-8E19-113530CDC0B5}.Debug|x64.Build.0 = Debug|x64
		{961D2B42-F2AE-4EB0-8E19-113530CDC0B5}.Debug|x86.ActiveCfg = Debug|Win32
		{961D2B42-F2AE-4EB0-8E19-113530CDC0B5}.Debug|x86.Build.0 = Debug|Win32
		{961D2B42-F2AE-4EB0-8E19-113530CDC0B5}.Release|x64.ActiveCfg = Release|x64
		{961D2B42-F2AE-4EB0-8E19-113530CDC0B5}.Release|x64.Build.0 = Release|x64
		{961D2B42-F2AE-4EB0-8E19-113530CDC0B5}.Release|x86.ActiveCfg = Release|Win32
		{961D2B42-F2AE-4EB0-8E19-113530CDC0B5}.Release|x86.Build.0 = Release|Win32
		{747E27FE-8E89-4A8D-80FF-90FDE622EF98}.Debug|x64.ActiveCfg = Debug|x64
		{747E27FE-8E89-4A8D-80FF-90FDE622EF98}.Debug|x64.Build.0 = Debug|x64
		{747E27FE-8E89-4A8D-80FF-90FDE622EF98}.Debug|x86.ActiveCfg = Debug|Win32
		{747E27FE-8E89-4A8D-80FF-90FDE622EF98}.Debug|x86.Build.0 = Debug|Win32
		{747E27FE-8E89-4A8D-80FF-90FDE622EF98}.Release|x64.ActiveCfg = Release|x64
		{747E27FE-8E89-4A8D-80FF-90FDE622EF98}.Release|x64.Build.0 = Release|x64
		{747E27FE-8E89-4A8D-80FF-90FDE622EF98}.Release|x86.ActiveCfg = Release|Win32
		{747E27FE-8E89-4A8D-80FF-90FDE622EF98}.Release|x86.Build.0 = Release|Win32
		{996E1C62-9BA3-44B1-AC3C-6FF30AD7A06B}.Debug|x64.ActiveCfg = Debug|x64
		{996E1C62-9BA3-44B1-AC3C-6FF30AD7A06B}.Debug|x64.Build.0 = Debug|x64
		{996E1C62-9BA3-44B1-AC3C-6FF30AD7A06B}.Debug|x86.ActiveCfg = Debug|Win32
		{996E1C62-9BA3-44B1-AC3C-6FF30AD7A06B}.Debug|x86.Build.0 = Debug|Win32
		{996E1C62-9BA3-44B1-AC3C-6FF30AD7A06B}.Release|x64.ActiveCfg = Release|x64
		{996E1C62-9BA3-44B1-AC3C-6FF30AD7A06B}.Release|x64.Build.0 = Release|x64
		{996E1C62-9BA3-44B1-AC3C-6FF30AD7A06B}.Release|x86.ActiveCfg = Release|Win32
		{996E1C62-9BA3-44B1-AC3C-6FF30AD7A06B}.Release|x86.Build.0 = Release|Win32
		{FF2C9143-8655-4D44-A98B-62404BC7C251}.Debug|x64.ActiveCfg = Debug|x64
		{FF2C9143-8655-4D44-A98B-62404BC7C251}.Debug|x64.Build.0 = Debug|x64
		{FF2C9143-8655-4D44-A98B-62404BC7C251}.Debug|x86.ActiveCfg = Debug|Win32
		{FF2C9143-8655-4D44-A98B-62404BC7C251}.Debug|x86.Build.0 = Debug|Win32
		{FF2C9143-8655-4D44-A98B-62404BC7C251}.Release|x64.ActiveCfg = Release|x64
		{FF2C9143-8655-4D44-A98B-62404BC7C251}.Release|x64.Build.0 = Release|x64
		{FF2C9143-8655-4D44-A98B-62404BC7C251}.Release|x86.ActiveCfg = Release|Win32
		{FF2C9143-8655-4D44-A98B-62404BC7C251}.Release|x86.Build.0 = Release|Win32
	EndGlobalSection
	GlobalSection(SolutionProperties) = preSolution
		HideSolutionNode = FALSE
	EndGlobalSection
	GlobalSection(ExtensibilityGlobals) = postSolution
		SolutionGuid = {C68D7140-0A47-4481-8154-58D54BF524CD}
	EndGlobalSection
EndGlobal
